# THIS IS AN AUTOGENERATED FILE. DO NOT EDIT THIS FILE DIRECTLY.
# yarn lockfile v1


option-t@^32.2.0:
  version "32.2.0"
  resolved "https://registry.yarnpkg.com/option-t/-/option-t-32.2.0.tgz#9f24f5f36a1237a1302c37c7fef4489f4333eeb2"
  integrity sha512-dff/0MN6ckHoKVeGNNFYGyWunwFAvKI9FqKDIJlzh7gZ0EZD0hVflTWs7DzznsTPVhV6F+TSSaSIe3bzWi0Z7Q==

prettier@^2.6.2:
  version "2.6.2"
  resolved "https://registry.yarnpkg.com/prettier/-/prettier-2.6.2.tgz#e26d71a18a74c3d0f0597f55f01fb6c06c206032"
  integrity sha512-PkUpF+qoXTqhOeWL9fu7As8LXsIUZ1WYaJiY/a7McAQzxjk82OF0tibkFXVCDImZtWxbvojFjerkiLb0/q8mew==

typescript@^4.9.5:
  version "4.9.5"
  resolved "https://registry.yarnpkg.com/typescript/-/typescript-4.9.5.tgz#095979f9bcc0d09da324d58d03ce8f8374cbe65a"
  integrity sha512-1FXk9E2Hm+QzZQ7z+McJiHL4NW1F2EzMu9Nq9i3zAaGqibafqYwCVU6WyWAuyQRRzOlxou8xZSyXLEN8oKj24g==
